// !$*UTF8*$!
{
	archiveVersion = 1;
	classes = {
	};
	objectVersion = 46;
	objects = {

/* Begin PBXBuildFile section */
		D6D0A7B01F6A59BC0092F295 /* JJCollectionViewCell.swift in Sources */ = {isa = PBXBuildFile; fileRef = D6D0A7AE1F6A59BC0092F295 /* JJCollectionViewCell.swift */; };
		D6D0A7B11F6A59BC0092F295 /* JJCollectionViewCell.xib in Resources */ = {isa = PBXBuildFile; fileRef = D6D0A7AF1F6A59BC0092F295 /* JJCollectionViewCell.xib */; };
		D6D0A7B41F6A59DC0092F295 /* JJTableViewCell.swift in Sources */ = {isa = PBXBuildFile; fileRef = D6D0A7B21F6A59DC0092F295 /* JJTableViewCell.swift */; };
		D6D0A7B51F6A59DC0092F295 /* JJTableViewCell.xib in Resources */ = {isa = PBXBuildFile; fileRef = D6D0A7B31F6A59DC0092F295 /* JJTableViewCell.xib */; };
		D6D24E361F67862D0000CE93 /* AppDelegate.swift in Sources */ = {isa = PBXBuildFile; fileRef = D6D24E351F67862D0000CE93 /* AppDelegate.swift */; };
		D6D24E381F67862E0000CE93 /* ViewController.swift in Sources */ = {isa = PBXBuildFile; fileRef = D6D24E371F67862E0000CE93 /* ViewController.swift */; };
		D6D24E3B1F67862E0000CE93 /* Main.storyboard in Resources */ = {isa = PBXBuildFile; fileRef = D6D24E391F67862E0000CE93 /* Main.storyboard */; };
		D6D24E3D1F67862E0000CE93 /* Assets.xcassets in Resources */ = {isa = PBXBuildFile; fileRef = D6D24E3C1F67862E0000CE93 /* Assets.xcassets */; };
		D6D24E401F67862F0000CE93 /* LaunchScreen.storyboard in Resources */ = {isa = PBXBuildFile; fileRef = D6D24E3E1F67862F0000CE93 /* LaunchScreen.storyboard */; };
		D6D24E481F678B080000CE93 /* Code_collectionViewController.swift in Sources */ = {isa = PBXBuildFile; fileRef = D6D24E471F678B080000CE93 /* Code_collectionViewController.swift */; };
		D6D24E4A1F678B220000CE93 /* Code_tableViewController.swift in Sources */ = {isa = PBXBuildFile; fileRef = D6D24E491F678B220000CE93 /* Code_tableViewController.swift */; };
		D6D24E511F678B5F0000CE93 /* Xib_collectionViewController.swift in Sources */ = {isa = PBXBuildFile; fileRef = D6D24E4F1F678B5F0000CE93 /* Xib_collectionViewController.swift */; };
		D6D24E551F678B6E0000CE93 /* Xib_tableViewController.swift in Sources */ = {isa = PBXBuildFile; fileRef = D6D24E531F678B6E0000CE93 /* Xib_tableViewController.swift */; };
/* End PBXBuildFile section */

/* Begin PBXFileReference section */
		D6D0A7AE1F6A59BC0092F295 /* JJCollectionViewCell.swift */ = {isa = PBXFileReference; lastKnownFileType = sourcecode.swift; path = JJCollectionViewCell.swift; sourceTree = "<group>"; };
		D6D0A7AF1F6A59BC0092F295 /* JJCollectionViewCell.xib */ = {isa = PBXFileReference; lastKnownFileType = file.xib; path = JJCollectionViewCell.xib; sourceTree = "<group>"; };
		D6D0A7B21F6A59DC0092F295 /* JJTableViewCell.swift */ = {isa = PBXFileReference; lastKnownFileType = sourcecode.swift; path = JJTableViewCell.swift; sourceTree = "<group>"; };
		D6D0A7B31F6A59DC0092F295 /* JJTableViewCell.xib */ = {isa = PBXFileReference; lastKnownFileType = file.xib; path = JJTableViewCell.xib; sourceTree = "<group>"; };
		D6D24E321F67862D0000CE93 /* Swift_collectionView_tableView.app */ = {isa = PBXFileReference; explicitFileType = wrapper.application; includeInIndex = 0; path = Swift_collectionView_tableView.app; sourceTree = BUILT_PRODUCTS_DIR; };
		D6D24E351F67862D0000CE93 /* AppDelegate.swift */ = {isa = PBXFileReference; lastKnownFileType = sourcecode.swift; path = AppDelegate.swift; sourceTree = "<group>"; };
		D6D24E371F67862E0000CE93 /* ViewController.swift */ = {isa = PBXFileReference; lastKnownFileType = sourcecode.swift; path = ViewController.swift; sourceTree = "<group>"; };
		D6D24E3A1F67862E0000CE93 /* Base */ = {isa = PBXFileReference; lastKnownFileType = file.storyboard; name = Base; path = Base.lproj/Main.storyboard; sourceTree = "<group>"; };
		D6D24E3C1F67862E0000CE93 /* Assets.xcassets */ = {isa = PBXFileReference; lastKnownFileType = folder.assetcatalog; path = Assets.xcassets; sourceTree = "<group>"; };
		D6D24E3F1F67862F0000CE93 /* Base */ = {isa = PBXFileReference; lastKnownFileType = file.storyboard; name = Base; path = Base.lproj/LaunchScreen.storyboard; sourceTree = "<group>"; };
		D6D24E411F67862F0000CE93 /* Info.plist */ = {isa = PBXFileReference; lastKnownFileType = text.plist.xml; path = Info.plist; sourceTree = "<group>"; };
		D6D24E471F678B080000CE93 /* Code_collectionViewController.swift */ = {isa = PBXFileReference; fileEncoding = 4; lastKnownFileType = sourcecode.swift; path = Code_collectionViewController.swift; sourceTree = "<group>"; };
		D6D24E491F678B220000CE93 /* Code_tableViewController.swift */ = {isa = PBXFileReference; fileEncoding = 4; lastKnownFileType = sourcecode.swift; path = Code_tableViewController.swift; sourceTree = "<group>"; };
		D6D24E4F1F678B5F0000CE93 /* Xib_collectionViewController.swift */ = {isa = PBXFileReference; fileEncoding = 4; lastKnownFileType = sourcecode.swift; path = Xib_collectionViewController.swift; sourceTree = "<group>"; };
		D6D24E531F678B6E0000CE93 /* Xib_tableViewController.swift */ = {isa = PBXFileReference; fileEncoding = 4; lastKnownFileType = sourcecode.swift; path = Xib_tableViewController.swift; sourceTree = "<group>"; };
/* End PBXFileReference section */

/* Begin PBXFrameworksBuildPhase section */
		D6D24E2F1F67862D0000CE93 /* Frameworks */ = {
			isa = PBXFrameworksBuildPhase;
			buildActionMask = 2147483647;
			files = (
			);
			runOnlyForDeploymentPostprocessing = 0;
		};
/* End PBXFrameworksBuildPhase section */

/* Begin PBXGroup section */
		D6D24E291F67862C0000CE93 = {
			isa = PBXGroup;
			children = (
				D6D24E341F67862D0000CE93 /* Swift_collectionView_tableView */,
				D6D24E331F67862D0000CE93 /* Products */,
			);
			sourceTree = "<group>";
		};
		D6D24E331F67862D0000CE93 /* Products */ = {
			isa = PBXGroup;
			children = (
				D6D24E321F67862D0000CE93 /* Swift_collectionView_tableView.app */,
			);
			name = Products;
			sourceTree = "<group>";
		};
		D6D24E341F67862D0000CE93 /* Swift_collectionView_tableView */ = {
			isa = PBXGroup;
			children = (
				D6D24E351F67862D0000CE93 /* AppDelegate.swift */,
				D6D24E371F67862E0000CE93 /* ViewController.swift */,
				D6D24E471F678B080000CE93 /* Code_collectionViewController.swift */,
				D6D24E491F678B220000CE93 /* Code_tableViewController.swift */,
				D6D24E4F1F678B5F0000CE93 /* Xib_collectionViewController.swift */,
				D6D0A7AE1F6A59BC0092F295 /* JJCollectionViewCell.swift */,
				D6D0A7AF1F6A59BC0092F295 /* JJCollectionViewCell.xib */,
				D6D24E531F678B6E0000CE93 /* Xib_tableViewController.swift */,
				D6D0A7B21F6A59DC0092F295 /* JJTableViewCell.swift */,
				D6D0A7B31F6A59DC0092F295 /* JJTableViewCell.xib */,
				D6D24E391F67862E0000CE93 /* Main.storyboard */,
				D6D24E3C1F67862E0000CE93 /* Assets.xcassets */,
				D6D24E3E1F67862F0000CE93 /* LaunchScreen.storyboard */,
				D6D24E411F67862F0000CE93 /* Info.plist */,
			);
			path = Swift_collectionView_tableView;
			sourceTree = "<group>";
		};
/* End PBXGroup section */

/* Begin PBXNativeTarget section */
		D6D24E311F67862D0000CE93 /* Swift_collectionView_tableView */ = {
			isa = PBXNativeTarget;
			buildConfigurationList = D6D24E441F67862F0000CE93 /* Build configuration list for PBXNativeTarget "Swift_collectionView_tableView" */;
			buildPhases = (
				D6D24E2E1F67862D0000CE93 /* Sources */,
				D6D24E2F1F67862D0000CE93 /* Frameworks */,
				D6D24E301F67862D0000CE93 /* Resources */,
			);
			buildRules = (
			);
			dependencies = (
			);
			name = Swift_collectionView_tableView;
			productName = Swift_collectionView_tableView;
			productReference = D6D24E321F67862D0000CE93 /* Swift_collectionView_tableView.app */;
			productType = "com.apple.product-type.application";
		};
/* End PBXNativeTarget section */

/* Begin PBXProject section */
		D6D24E2A1F67862D0000CE93 /* Project object */ = {
			isa = PBXProject;
			attributes = {
				LastSwiftUpdateCheck = 0830;
				LastUpgradeCheck = 0830;
				ORGANIZATIONNAME = vpjacob;
				TargetAttributes = {
					D6D24E311F67862D0000CE93 = {
						CreatedOnToolsVersion = 8.3.3;
						DevelopmentTeam = HN2F9US93L;
						ProvisioningStyle = Automatic;
					};
				};
			};
			buildConfigurationList = D6D24E2D1F67862D0000CE93 /* Build configuration list for PBXProject "Swift_collectionView_tableView" */;
			compatibilityVersion = "Xcode 3.2";
			developmentRegion = English;
			hasScannedForEncodings = 0;
			knownRegions = (
				en,
				Base,
			);
			mainGroup = D6D24E291F67862C0000CE93;
			productRefGroup = D6D24E331F67862D0000CE93 /* Products */;
			projectDirPath = "";
			projectRoot = "";
			targets = (
				D6D24E311F67862D0000CE93 /* Swift_collectionView_tableView */,
			);
		};
/* End PBXProject section */

/* Begin PBXResourcesBuildPhase section */
		D6D24E301F67862D0000CE93 /* Resources */ = {
			isa = PBXResourcesBuildPhase;
			buildActionMask = 2147483647;
			files = (
				D6D0A7B11F6A59BC0092F295 /* JJCollectionViewCell.xib in Resources */,
				D6D24E401F67862F0000CE93 /* LaunchScreen.storyboard in Resources */,
				D6D24E3D1F67862E0000CE93 /* Assets.xcassets in Resources */,
				D6D0A7B51F6A59DC0092F295 /* JJTableViewCell.xib in Resources */,
				D6D24E3B1F67862E0000CE93 /* Main.storyboard in Resources */,
			);
			runOnlyForDeploymentPostprocessing = 0;
		};
/* End PBXResourcesBuildPhase section */

/* Begin PBXSourcesBuildPhase section */
		D6D24E2E1F67862D0000CE93 /* Sources */ = {
			isa = PBXSourcesBuildPhase;
			buildActionMask = 2147483647;
			files = (
				D6D24E511F678B5F0000CE93 /* Xib_collectionViewController.swift in Sources */,
				D6D24E381F67862E0000CE93 /* ViewController.swift in Sources */,
				D6D24E361F67862D0000CE93 /* AppDelegate.swift in Sources */,
				D6D24E551F678B6E0000CE93 /* Xib_tableViewController.swift in Sources */,
				D6D24E4A1F678B220000CE93 /* Code_tableViewController.swift in Sources */,
				D6D0A7B01F6A59BC0092F295 /* JJCollectionViewCell.swift in Sources */,
				D6D24E481F678B080000CE93 /* Code_collectionViewController.swift in Sources */,
				D6D0A7B41F6A59DC0092F295 /* JJTableViewCell.swift in Sources */,
			);
			runOnlyForDeploymentPostprocessing = 0;
		};
/* End PBXSourcesBuildPhase section */

/* Begin PBXVariantGroup section */
		D6D24E391F67862E0000CE93 /* Main.storyboard */ = {
			isa = PBXVariantGroup;
			children = (
				D6D24E3A1F67862E0000CE93 /* Base */,
			);
			name = Main.storyboard;
			sourceTree = "<group>";
		};
		D6D24E3E1F67862F0000CE93 /* LaunchScreen.storyboard */ = {
			isa = PBXVariantGroup;
			children = (
				D6D24E3F1F67862F0000CE93 /* Base */,
			);
			name = LaunchScreen.storyboard;
			sourceTree = "<group>";
		};
/* End PBXVariantGroup section */

/* Begin XCBuildConfiguration section */
		D6D24E421F67862F0000CE93 /* Debug */ = {
			isa = XCBuildConfiguration;
			buildSettings = {
				ALWAYS_SEARCH_USER_PATHS = NO;
				CLANG_ANALYZER_NONNULL = YES;
				CLANG_ANALYZER_NUMBER_OBJECT_CONVERSION = YES_AGGRESSIVE;
				CLANG_CXX_LANGUAGE_STANDARD = "gnu++0x";
				CLANG_CXX_LIBRARY = "libc++";
				CLANG_ENABLE_MODULES = YES;
				CLANG_ENABLE_OBJC_ARC = YES;
				CLANG_WARN_BOOL_CONVERSION = YES;
				CLANG_WARN_CONSTANT_CONVERSION = YES;
				CLANG_WARN_DIRECT_OBJC_ISA_USAGE = YES_ERROR;
				CLANG_WARN_DOCUMENTATION_COMMENTS = YES;
				CLANG_WARN_EMPTY_BODY = YES;
				CLANG_WARN_ENUM_CONVERSION = YES;
				CLANG_WARN_INFINITE_RECURSION = YES;
				CLANG_WARN_INT_CONVERSION = YES;
				CLANG_WARN_OBJC_ROOT_CLASS = YES_ERROR;
				CLANG_WARN_SUSPICIOUS_MOVE = YES;
				CLANG_WARN_UNREACHABLE_CODE = YES;
				CLANG_WARN__DUPLICATE_METHOD_MATCH = YES;
				"CODE_SIGN_IDENTITY[sdk=iphoneos*]" = "iPhone Developer";
				COPY_PHASE_STRIP = NO;
				DEBUG_INFORMATION_FORMAT = dwarf;
				ENABLE_STRICT_OBJC_MSGSEND = YES;
				ENABLE_TESTABILITY = YES;
				GCC_C_LANGUAGE_STANDARD = gnu99;
				GCC_DYNAMIC_NO_PIC = NO;
				GCC_NO_COMMON_BLOCKS = YES;
				GCC_OPTIMIZATION_LEVEL = 0;
				GCC_PREPROCESSOR_DEFINITIONS = (
					"DEBUG=1",
					"$(inherited)",
				);
				GCC_WARN_64_TO_32_BIT_CONVERSION = YES;
				GCC_WARN_ABOUT_RETURN_TYPE = YES_ERROR;
				GCC_WARN_UNDECLARED_SELECTOR = YES;
				GCC_WARN_UNINITIALIZED_AUTOS = YES_AGGRESSIVE;
				GCC_WARN_UNUSED_FUNCTION = YES;
				GCC_WARN_UNUSED_VARIABLE = YES;
				IPHONEOS_DEPLOYMENT_TARGET = 10.3;
				MTL_ENABLE_DEBUG_INFO = YES;
				ONLY_ACTIVE_ARCH = YES;
				SDKROOT = iphoneos;
				SWIFT_ACTIVE_COMPILATION_CONDITIONS = DEBUG;
				SWIFT_OPTIMIZATION_LEVEL = "-Onone";
				TARGETED_DEVICE_FAMILY = "1,2";
			};
			name = Debug;
		};
		D6D24E431F67862F0000CE93 /* Release */ = {
			isa = XCBuildConfiguration;
			buildSettings = {
				ALWAYS_SEARCH_USER_PATHS = NO;
				CLANG_ANALYZER_NONNULL = YES;
				CLANG_ANALYZER_NUMBER_OBJECT_CONVERSION = YES_AGGRESSIVE;
				CLANG_CXX_LANGUAGE_STANDARD = "gnu++0x";
				CLANG_CXX_LIBRARY = "libc++";
				CLANG_ENABLE_MODULES = YES;
				CLANG_ENABLE_OBJC_ARC = YES;
				CLANG_WARN_BOOL_CONVERSION = YES;
				CLANG_WARN_CONSTANT_CONVERSION = YES;
				CLANG_WARN_DIRECT_OBJC_ISA_USAGE = YES_ERROR;
				CLANG_WARN_DOCUMENTATION_COMMENTS = YES;
				CLANG_WARN_EMPTY_BODY = YES;
				CLANG_WARN_ENUM_CONVERSION = YES;
				CLANG_WARN_INFINITE_RECURSION = YES;
				CLANG_WARN_INT_CONVERSION = YES;
				CLANG_WARN_OBJC_ROOT_CLASS = YES_ERROR;
				CLANG_WARN_SUSPICIOUS_MOVE = YES;
				CLANG_WARN_UNREACHABLE_CODE = YES;
				CLANG_WARN__DUPLICATE_METHOD_MATCH = YES;
				"CODE_SIGN_IDENTITY[sdk=iphoneos*]" = "iPhone Developer";
				COPY_PHASE_STRIP = NO;
				DEBUG_INFORMATION_FORMAT = "dwarf-with-dsym";
				ENABLE_NS_ASSERTIONS = NO;
				ENABLE_STRICT_OBJC_MSGSEND = YES;
				GCC_C_LANGUAGE_STANDARD = gnu99;
				GCC_NO_COMMON_BLOCKS = YES;
				GCC_WARN_64_TO_32_BIT_CONVERSION = YES;
				GCC_WARN_ABOUT_RETURN_TYPE = YES_ERROR;
				GCC_WARN_UNDECLARED_SELECTOR = YES;
				GCC_WARN_UNINITIALIZED_AUTOS = YES_AGGRESSIVE;
				GCC_WARN_UNUSED_FUNCTION = YES;
				GCC_WARN_UNUSED_VARIABLE = YES;
				IPHONEOS_DEPLOYMENT_TARGET = 10.3;
				MTL_ENABLE_DEBUG_INFO = NO;
				SDKROOT = iphoneos;
				SWIFT_OPTIMIZATION_LEVEL = "-Owholemodule";
				TARGETED_DEVICE_FAMILY = "1,2";
				VALIDATE_PRODUCT = YES;
			};
			name = Release;
		};
		D6D24E451F67862F0000CE93 /* Debug */ = {
			isa = XCBuildConfiguration;
			buildSettings = {
				ASSETCATALOG_COMPILER_APPICON_NAME = AppIcon;
				DEVELOPMENT_TEAM = HN2F9US93L;
				INFOPLIST_FILE = Swift_collectionView_tableView/Info.plist;
				LD_RUNPATH_SEARCH_PATHS = "$(inherited) @executable_path/Frameworks";
				PRODUCT_BUNDLE_IDENTIFIER = "com.anbn.Swift-collectionView-tableView";
				PRODUCT_NAME = "$(TARGET_NAME)";
				SWIFT_VERSION = 3.0;
			};
			name = Debug;
		};
		D6D24E461F67862F0000CE93 /* Release */ = {
			isa = XCBuildConfiguration;
			buildSettings = {
				ASSETCATALOG_COMPILER_APPICON_NAME = AppIcon;
				DEVELOPMENT_TEAM = HN2F9US93L;
				INFOPLIST_FILE = Swift_collectionView_tableView/Info.plist;
				LD_RUNPATH_SEARCH_PATHS = "$(inherited) @executable_path/Frameworks";
				PRODUCT_BUNDLE_IDENTIFIER = "com.anbn.Swift-collectionView-tableView";
				PRODUCT_NAME = "$(TARGET_NAME)";
				SWIFT_VERSION = 3.0;
			};
			name = Release;
		};
/* End XCBuildConfiguration section */

/* Begin XCConfigurationList section */
		D6D24E2D1F67862D0000CE93 /* Build configuration list for PBXProject "Swift_collectionView_tableView" */ = {
			isa = XCConfigurationList;
			buildConfigurations = (
				D6D24E421F67862F0000CE93 /* Debug */,
				D6D24E431F67862F0000CE93 /* Release */,
			);
			defaultConfigurationIsVisible = 0;
			defaultConfigurationName = Release;
		};
		D6D24E441F67862F0000CE93 /* Build configuration list for PBXNativeTarget "Swift_collectionView_tableView" */ = {
			isa = XCConfigurationList;
			buildConfigurations = (
				D6D24E451F67862F0000CE93 /* Debug */,
				D6D24E461F67862F0000CE93 /* Release */,
			);
			defaultConfigurationIsVisible = 0;
			defaultConfigurationName = Release;
		};
/* End XCConfigurationList section */
	};
	rootObject = D6D24E2A1F67862D0000CE93 /* Project object */;
}
